
Microsoft Visual Studio Solution File, Format Version 12.00
# Visual Studio Version 16
VisualStudioVersion = 16.0.29215.179
MinimumVisualStudioVersion = 10.0.40219.1
Project("{FAE04EC0-301F-11D3-BF4B-00C04F79EFBC}") = "WebAppHCFAMEMA3", "WebAppHCFAMEMA3\WebAppHCFAMEMA3.csproj", "{1E9C499D-AD45-4A01-AE75-E233ED9B3DF3}"
EndProject
Global
	GlobalSection(SolutionConfigurationPlatforms) = preSolution
		Debug|Any CPU = Debug|Any CPU
		Release|Any CPU = Release|Any CPU
	EndGlobalSection
	GlobalSection(ProjectConfigurationPlatforms) = postSolution
		{1E9C499D-AD45-4A01-AE75-E233ED9B3DF3}.Debug|Any CPU.ActiveCfg = Debug|Any CPU
		{1E9C499D-AD45-4A01-AE75-E233ED9B3DF3}.Debug|Any CPU.Build.0 = Debug|Any CPU
		{1E9C499D-AD45-4A01-AE75-E233ED9B3DF3}.Release|Any CPU.ActiveCfg = Release|Any CPU
		{1E9C499D-AD45-4A01-AE75-E233ED9B3DF3}.Release|Any CPU.Build.0 = Release|Any CPU
	EndGlobalSection
	GlobalSection(SolutionProperties) = preSolution
		HideSolutionNode = FALSE
	EndGlobalSection
	GlobalSection(ExtensibilityGlobals) = postSolution
		SolutionGuid = {54C3225B-7989-4F0E-9377-07C73CCEC39C}
	EndGlobalSection
EndGlobal
